
Microsoft Visual Studio Solution File, Format Version 12.00
# Visual Studio 15
VisualStudioVersion = 15.0.28307.106
MinimumVisualStudioVersion = 10.0.40219.1
Project("{8BC9CEB8-8B4A-11D0-8D11-00A0C91BC942}") = "00048sdlPerlinNoise", "00048sdlPerlinNoise\00048sdlPerlinNoise.vcxproj", "{69614940-C66E-4DD7-91B9-7B66D903D563}"
EndProject
Global
	GlobalSection(SolutionConfigurationPlatforms) = preSolution
		Debug|x64 = Debug|x64
		Debug|x86 = Debug|x86
		Release|x64 = Release|x64
		Release|x86 = Release|x86
	EndGlobalSection
	GlobalSection(ProjectConfigurationPlatforms) = postSolution
		{69614940-C66E-4DD7-91B9-7B66D903D563}.Debug|x64.ActiveCfg = Debug|x64
		{69614940-C66E-4DD7-91B9-7B66D903D563}.Debug|x64.Build.0 = Debug|x64
		{69614940-C66E-4DD7-91B9-7B66D903D563}.Debug|x86.ActiveCfg = Debug|Win32
		{69614940-C66E-4DD7-91B9-7B66D903D563}.Debug|x86.Build.0 = Debug|Win32
		{69614940-C66E-4DD7-91B9-7B66D903D563}.Release|x64.ActiveCfg = Release|x64
		{69614940-C66E-4DD7-91B9-7B66D903D563}.Release|x64.Build.0 = Release|x64
		{69614940-C66E-4DD7-91B9-7B66D903D563}.Release|x86.ActiveCfg = Release|Win32
		{69614940-C66E-4DD7-91B9-7B66D903D563}.Release|x86.Build.0 = Release|Win32
	EndGlobalSection
	GlobalSection(SolutionProperties) = preSolution
		HideSolutionNode = FALSE
	EndGlobalSection
	GlobalSection(ExtensibilityGlobals) = postSolution
		SolutionGuid = {F03ED04B-2798-414F-ABC4-83AC43858252}
	EndGlobalSection
EndGlobal
